
Microsoft Visual Studio Solution File, Format Version 12.00
# Visual Studio Version 17
VisualStudioVersion = 17.8.34322.80
MinimumVisualStudioVersion = 10.0.40219.1
Project("{9A19103F-16F7-4668-BE54-9A1E7A4F7556}") = "Formula", "Formula\Formula.csproj", "{1C7E2A30-CE71-4F97-9F8F-49BFBA62BA0C}"
EndProject
Project("{FAE04EC0-301F-11D3-BF4B-00C04F79EFBC}") = "FormulaTest", "FormulaTest\FormulaTest.csproj", "{34F91F39-A665-4FCF-9E6D-2DAD3DEBD14F}"
EndProject
Global
	GlobalSection(SolutionConfigurationPlatforms) = preSolution
		Debug|Any CPU = Debug|Any CPU
		Release|Any CPU = Release|Any CPU
	EndGlobalSection
	GlobalSection(ProjectConfigurationPlatforms) = postSolution
		{1C7E2A30-CE71-4F97-9F8F-49BFBA62BA0C}.Debug|Any CPU.ActiveCfg = Debug|Any CPU
		{1C7E2A30-CE71-4F97-9F8F-49BFBA62BA0C}.Debug|Any CPU.Build.0 = Debug|Any CPU
		{1C7E2A30-CE71-4F97-9F8F-49BFBA62BA0C}.Release|Any CPU.ActiveCfg = Release|Any CPU
		{1C7E2A30-CE71-4F97-9F8F-49BFBA62BA0C}.Release|Any CPU.Build.0 = Release|Any CPU
		{34F91F39-A665-4FCF-9E6D-2DAD3DEBD14F}.Debug|Any CPU.ActiveCfg = Debug|Any CPU
		{34F91F39-A665-4FCF-9E6D-2DAD3DEBD14F}.Debug|Any CPU.Build.0 = Debug|Any CPU
		{34F91F39-A665-4FCF-9E6D-2DAD3DEBD14F}.Release|Any CPU.ActiveCfg = Release|Any CPU
		{34F91F39-A665-4FCF-9E6D-2DAD3DEBD14F}.Release|Any CPU.Build.0 = Release|Any CPU
	EndGlobalSection
	GlobalSection(SolutionProperties) = preSolution
		HideSolutionNode = FALSE
	EndGlobalSection
	GlobalSection(ExtensibilityGlobals) = postSolution
		SolutionGuid = {742FDD04-1A7A-41B0-82A6-7FF19D007E2C}
	EndGlobalSection
EndGlobal
